
Microsoft Visual Studio Solution File, Format Version 12.00
# Visual Studio Version 16
VisualStudioVersion = 16.0.30011.22
MinimumVisualStudioVersion = 10.0.40219.1
Project("{FAE04EC0-301F-11D3-BF4B-00C04F79EFBC}") = "VueJSTemplate", "VueJSTemplate\VueJSTemplate.csproj", "{8C56618B-C5A4-473E-B25F-D5C4B76B6A0D}"
EndProject
Project("{FAE04EC0-301F-11D3-BF4B-00C04F79EFBC}") = "VueJSFromScratch", "VueJSFromScratch\VueJSFromScratch.csproj", "{B707CCA3-3459-4F6D-94D4-78E5E14B558B}"
EndProject
Project("{FAE04EC0-301F-11D3-BF4B-00C04F79EFBC}") = "VueJSWithAsp", "VueJSWithAsp\VueJSWithAsp.csproj", "{ADC532D5-B8BC-4D50-8992-69282E84DF58}"
EndProject
Global
	GlobalSection(SolutionConfigurationPlatforms) = preSolution
		Debug|Any CPU = Debug|Any CPU
		Release|Any CPU = Release|Any CPU
	EndGlobalSection
	GlobalSection(ProjectConfigurationPlatforms) = postSolution
		{8C56618B-C5A4-473E-B25F-D5C4B76B6A0D}.Debug|Any CPU.ActiveCfg = Debug|Any CPU
		{8C56618B-C5A4-473E-B25F-D5C4B76B6A0D}.Debug|Any CPU.Build.0 = Debug|Any CPU
		{8C56618B-C5A4-473E-B25F-D5C4B76B6A0D}.Release|Any CPU.ActiveCfg = Release|Any CPU
		{8C56618B-C5A4-473E-B25F-D5C4B76B6A0D}.Release|Any CPU.Build.0 = Release|Any CPU
		{B707CCA3-3459-4F6D-94D4-78E5E14B558B}.Debug|Any CPU.ActiveCfg = Debug|Any CPU
		{B707CCA3-3459-4F6D-94D4-78E5E14B558B}.Debug|Any CPU.Build.0 = Debug|Any CPU
		{B707CCA3-3459-4F6D-94D4-78E5E14B558B}.Release|Any CPU.ActiveCfg = Release|Any CPU
		{B707CCA3-3459-4F6D-94D4-78E5E14B558B}.Release|Any CPU.Build.0 = Release|Any CPU
		{ADC532D5-B8BC-4D50-8992-69282E84DF58}.Debug|Any CPU.ActiveCfg = Debug|Any CPU
		{ADC532D5-B8BC-4D50-8992-69282E84DF58}.Debug|Any CPU.Build.0 = Debug|Any CPU
		{ADC532D5-B8BC-4D50-8992-69282E84DF58}.Release|Any CPU.ActiveCfg = Release|Any CPU
		{ADC532D5-B8BC-4D50-8992-69282E84DF58}.Release|Any CPU.Build.0 = Release|Any CPU
	EndGlobalSection
	GlobalSection(SolutionProperties) = preSolution
		HideSolutionNode = FALSE
	EndGlobalSection
	GlobalSection(ExtensibilityGlobals) = postSolution
		SolutionGuid = {2CE2F2EC-7378-4733-8508-BE1FED408A24}
	EndGlobalSection
EndGlobal
